{
  "version": 4,
  "terraform_version": "1.11.3",
  "serial": 8,
  "lineage": "fd346da9-b341-e304-582e-f9134851e6c1",
  "outputs": {
    "app_url": {
      "value": "atividade-cloud.azurewebsites.net",
      "type": "string"
    }
  },
  "resources": [
    {
      "mode": "managed",
      "type": "azurerm_app_service",
      "name": "app",
      "provider": "provider[\"registry.terraform.io/hashicorp/azurerm\"]",
      "instances": [
        {
          "schema_version": 0,
          "attributes": {
            "app_service_plan_id": "/subscriptions/be7bda57-7458-4d75-8fd1-7915f909a872/resourceGroups/atividade-cloud/providers/Microsoft.Web/serverFarms/atividade-cloud-plan",
            "app_settings": {
              "DATABASE_HOST": "atividade-cloud.mysql.database.azure.com",
              "DATABASE_NAME": "atividade_db",
              "DATABASE_PASSWORD": "Rafael123@",
              "DATABASE_USERNAME": "rafaeladmin@atividade-cloud"
            },
            "auth_settings": [
              {
                "active_directory": [],
                "additional_login_params": {},
                "allowed_external_redirect_urls": [],
                "default_provider": "",
                "enabled": false,
                "facebook": [],
                "google": [],
                "issuer": "",
                "microsoft": [],
                "runtime_version": "",
                "token_refresh_extension_hours": 0,
                "token_store_enabled": false,
                "twitter": [],
                "unauthenticated_client_action": ""
              }
            ],
            "backup": [],
            "client_affinity_enabled": false,
            "client_cert_enabled": false,
            "client_cert_mode": "Required",
            "connection_string": [],
            "custom_domain_verification_id": "FD4E8F77B430FF9C05EE6E1C510DE43DDAD125E2C99BEF4EF64EC984524AED3A",
            "default_site_hostname": "atividade-cloud.azurewebsites.net",
            "enabled": true,
            "https_only": false,
            "id": "/subscriptions/be7bda57-7458-4d75-8fd1-7915f909a872/resourceGroups/atividade-cloud/providers/Microsoft.Web/sites/atividade-cloud",
            "identity": [],
            "key_vault_reference_identity_id": "SystemAssigned",
            "location": "brazilsouth",
            "logs": [
              {
                "application_logs": [
                  {
                    "azure_blob_storage": [],
                    "file_system_level": "Off"
                  }
                ],
                "detailed_error_messages_enabled": false,
                "failed_request_tracing_enabled": false,
                "http_logs": [
                  {
                    "azure_blob_storage": [],
                    "file_system": []
                  }
                ]
              }
            ],
            "name": "atividade-cloud",
            "outbound_ip_address_list": [
              "20.206.227.249",
              "20.206.230.11",
              "191.235.56.39",
              "191.235.56.145",
              "191.235.57.92",
              "20.206.229.10",
              "20.206.176.3"
            ],
            "outbound_ip_addresses": "20.206.227.249,20.206.230.11,191.235.56.39,191.235.56.145,191.235.57.92,20.206.229.10,20.206.176.3",
            "possible_outbound_ip_address_list": [
              "20.206.227.249",
              "20.206.230.11",
              "191.235.56.39",
              "191.235.56.145",
              "191.235.57.92",
              "20.206.229.10",
              "191.235.57.160",
              "191.235.57.181",
              "191.235.57.236",
              "191.235.59.171",
              "191.235.59.244",
              "191.235.60.21",
              "191.235.60.41",
              "191.235.60.60",
              "191.235.60.119",
              "191.235.60.168",
              "191.235.60.191",
              "191.235.60.193",
              "191.235.61.23",
              "20.206.229.8",
              "20.206.231.53",
              "20.206.229.33",
              "20.206.228.111",
              "20.206.231.62",
              "20.206.176.3"
            ],
            "possible_outbound_ip_addresses": "20.206.227.249,20.206.230.11,191.235.56.39,191.235.56.145,191.235.57.92,20.206.229.10,191.235.57.160,191.235.57.181,191.235.57.236,191.235.59.171,191.235.59.244,191.235.60.21,191.235.60.41,191.235.60.60,191.235.60.119,191.235.60.168,191.235.60.191,191.235.60.193,191.235.61.23,20.206.229.8,20.206.231.53,20.206.229.33,20.206.228.111,20.206.231.62,20.206.176.3",
            "resource_group_name": "atividade-cloud",
            "site_config": [
              {
                "acr_use_managed_identity_credentials": false,
                "acr_user_managed_identity_client_id": "",
                "always_on": true,
                "app_command_line": "",
                "auto_swap_slot_name": "",
                "cors": [
                  {
                    "allowed_origins": [],
                    "support_credentials": false
                  }
                ],
                "default_documents": [],
                "dotnet_framework_version": "v4.0",
                "ftps_state": "FtpsOnly",
                "health_check_path": "",
                "http2_enabled": false,
                "ip_restriction": [],
                "java_container": "",
                "java_container_version": "",
                "java_version": "",
                "linux_fx_version": "NODE|18.19.1",
                "local_mysql_enabled": false,
                "managed_pipeline_mode": "Integrated",
                "min_tls_version": "1.2",
                "number_of_workers": 1,
                "php_version": "",
                "python_version": "",
                "remote_debugging_enabled": false,
                "remote_debugging_version": "VS2022",
                "scm_ip_restriction": [],
                "scm_type": "None",
                "scm_use_main_ip_restriction": false,
                "use_32_bit_worker_process": false,
                "vnet_route_all_enabled": false,
                "websockets_enabled": false,
                "windows_fx_version": ""
              }
            ],
            "site_credential": [
              {
                "password": "rsquD5aqDW97XpRaXQRGtFlcLEDvuGtv7JL1jJg7g2p20crK0pH3rCNiyxkj",
                "username": "$atividade-cloud"
              }
            ],
            "source_control": [
              {
                "branch": "main",
                "manual_integration": false,
                "repo_url": "",
                "rollback_enabled": false,
                "use_mercurial": false
              }
            ],
            "storage_account": [],
            "tags": {},
            "timeouts": null
          },
          "sensitive_attributes": [
            [
              {
                "type": "get_attr",
                "value": "app_settings"
              },
              {
                "type": "index",
                "value": {
                  "value": "DATABASE_PASSWORD",
                  "type": "string"
                }
              }
            ]
          ],
          "private": "eyJlMmJmYjczMC1lY2FhLTExZTYtOGY4OC0zNDM2M2JjN2M0YzAiOnsiY3JlYXRlIjoxODAwMDAwMDAwMDAwLCJkZWxldGUiOjE4MDAwMDAwMDAwMDAsInJlYWQiOjMwMDAwMDAwMDAwMCwidXBkYXRlIjoxODAwMDAwMDAwMDAwfX0=",
          "dependencies": [
            "azurerm_app_service_plan.plan",
            "azurerm_mysql_flexible_server.db",
            "azurerm_resource_group.main",
            "azurerm_resource_group.rg"
          ]
        }
      ]
    },
    {
      "mode": "managed",
      "type": "azurerm_app_service_plan",
      "name": "plan",
      "provider": "provider[\"registry.terraform.io/hashicorp/azurerm\"]",
      "instances": [
        {
          "schema_version": 1,
          "attributes": {
            "app_service_environment_id": "",
            "id": "/subscriptions/be7bda57-7458-4d75-8fd1-7915f909a872/resourceGroups/atividade-cloud/providers/Microsoft.Web/serverFarms/atividade-cloud-plan",
            "is_xenon": false,
            "kind": "linux",
            "location": "brazilsouth",
            "maximum_elastic_worker_count": 1,
            "maximum_number_of_workers": 3,
            "name": "atividade-cloud-plan",
            "per_site_scaling": false,
            "reserved": true,
            "resource_group_name": "atividade-cloud",
            "sku": [
              {
                "capacity": 1,
                "size": "B1",
                "tier": "Basic"
              }
            ],
            "tags": {},
            "timeouts": null,
            "zone_redundant": false
          },
          "sensitive_attributes": [],
          "private": "eyJlMmJmYjczMC1lY2FhLTExZTYtOGY4OC0zNDM2M2JjN2M0YzAiOnsiY3JlYXRlIjozNjAwMDAwMDAwMDAwLCJkZWxldGUiOjM2MDAwMDAwMDAwMDAsInJlYWQiOjMwMDAwMDAwMDAwMCwidXBkYXRlIjozNjAwMDAwMDAwMDAwfSwic2NoZW1hX3ZlcnNpb24iOiIxIn0=",
          "dependencies": [
            "azurerm_resource_group.main"
          ]
        }
      ]
    },
    {
      "mode": "managed",
      "type": "azurerm_mysql_flexible_server",
      "name": "db",
      "provider": "provider[\"registry.terraform.io/hashicorp/azurerm\"]",
      "instances": [
        {
          "schema_version": 0,
          "attributes": {
            "administrator_login": "rafaeladmin",
            "administrator_password": "Rafael123@",
            "administrator_password_wo": null,
            "administrator_password_wo_version": 0,
            "backup_retention_days": 7,
            "create_mode": null,
            "customer_managed_key": [],
            "delegated_subnet_id": "",
            "fqdn": "atividade-cloud.mysql.database.azure.com",
            "geo_redundant_backup_enabled": false,
            "high_availability": [],
            "id": "/subscriptions/be7bda57-7458-4d75-8fd1-7915f909a872/resourceGroups/atividade-cloud/providers/Microsoft.DBforMySQL/flexibleServers/atividade-cloud",
            "identity": [],
            "location": "brazilsouth",
            "maintenance_window": [],
            "name": "atividade-cloud",
            "point_in_time_restore_time_in_utc": null,
            "private_dns_zone_id": "",
            "public_network_access": "Enabled",
            "public_network_access_enabled": true,
            "replica_capacity": 10,
            "replication_role": "None",
            "resource_group_name": "atividade-cloud",
            "sku_name": "B_Standard_B1ms",
            "source_server_id": "",
            "storage": [
              {
                "auto_grow_enabled": true,
                "io_scaling_enabled": false,
                "iops": 360,
                "size_gb": 20
              }
            ],
            "tags": {},
            "timeouts": null,
            "version": "8.0.21",
            "zone": "2"
          },
          "sensitive_attributes": [
            [
              {
                "type": "get_attr",
                "value": "administrator_password"
              }
            ]
          ],
          "private": "eyJlMmJmYjczMC1lY2FhLTExZTYtOGY4OC0zNDM2M2JjN2M0YzAiOnsiY3JlYXRlIjo3MjAwMDAwMDAwMDAwLCJkZWxldGUiOjM2MDAwMDAwMDAwMDAsInJlYWQiOjMwMDAwMDAwMDAwMCwidXBkYXRlIjo3MjAwMDAwMDAwMDAwfX0=",
          "dependencies": [
            "azurerm_resource_group.rg"
          ]
        }
      ]
    },
    {
      "mode": "managed",
      "type": "azurerm_resource_group",
      "name": "main",
      "provider": "provider[\"registry.terraform.io/hashicorp/azurerm\"]",
      "instances": [
        {
          "schema_version": 0,
          "attributes": {
            "id": "/subscriptions/be7bda57-7458-4d75-8fd1-7915f909a872/resourceGroups/atividade-cloud",
            "location": "brazilsouth",
            "managed_by": "",
            "name": "atividade-cloud",
            "tags": {},
            "timeouts": null
          },
          "sensitive_attributes": [],
          "private": "eyJlMmJmYjczMC1lY2FhLTExZTYtOGY4OC0zNDM2M2JjN2M0YzAiOnsiY3JlYXRlIjo1NDAwMDAwMDAwMDAwLCJkZWxldGUiOjU0MDAwMDAwMDAwMDAsInJlYWQiOjMwMDAwMDAwMDAwMCwidXBkYXRlIjo1NDAwMDAwMDAwMDAwfX0="
        }
      ]
    },
    {
      "mode": "managed",
      "type": "azurerm_resource_group",
      "name": "rg",
      "provider": "provider[\"registry.terraform.io/hashicorp/azurerm\"]",
      "instances": [
        {
          "schema_version": 0,
          "attributes": {
            "id": "/subscriptions/be7bda57-7458-4d75-8fd1-7915f909a872/resourceGroups/atividade-cloud",
            "location": "brazilsouth",
            "managed_by": "",
            "name": "atividade-cloud",
            "tags": {},
            "timeouts": null
          },
          "sensitive_attributes": [],
          "private": "eyJlMmJmYjczMC1lY2FhLTExZTYtOGY4OC0zNDM2M2JjN2M0YzAiOnsiY3JlYXRlIjo1NDAwMDAwMDAwMDAwLCJkZWxldGUiOjU0MDAwMDAwMDAwMDAsInJlYWQiOjMwMDAwMDAwMDAwMCwidXBkYXRlIjo1NDAwMDAwMDAwMDAwfX0="
        }
      ]
    }
  ],
  "check_results": null
}
